// !$*UTF8*$!
{
	archiveVersion = 1;
	classes = {
	};
	objectVersion = 48;
	objects = {

/* Begin PBXBuildFile section */
		D330040820B51ADE00D3763C /* AppDelegate.swift in Sources */ = {isa = PBXBuildFile; fileRef = D330040720B51ADE00D3763C /* AppDelegate.swift */; };
		D330040A20B51ADE00D3763C /* ViewController.swift in Sources */ = {isa = PBXBuildFile; fileRef = D330040920B51ADE00D3763C /* ViewController.swift */; };
		D330040D20B51ADE00D3763C /* Main.storyboard in Resources */ = {isa = PBXBuildFile; fileRef = D330040B20B51ADE00D3763C /* Main.storyboard */; };
		D330040F20B51ADE00D3763C /* Assets.xcassets in Resources */ = {isa = PBXBuildFile; fileRef = D330040E20B51ADE00D3763C /* Assets.xcassets */; };
		D330041220B51ADE00D3763C /* LaunchScreen.storyboard in Resources */ = {isa = PBXBuildFile; fileRef = D330041020B51ADE00D3763C /* LaunchScreen.storyboard */; };
		D330041D20B51ADE00D3763C /* ZYLaunchAdControllerTests.swift in Sources */ = {isa = PBXBuildFile; fileRef = D330041C20B51ADE00D3763C /* ZYLaunchAdControllerTests.swift */; };
		D330042820B51ADE00D3763C /* ZYLaunchAdControllerUITests.swift in Sources */ = {isa = PBXBuildFile; fileRef = D330042720B51ADE00D3763C /* ZYLaunchAdControllerUITests.swift */; };
		D330043620B51B2B00D3763C /* ZYLaunchAdController.swift in Sources */ = {isa = PBXBuildFile; fileRef = D330043520B51B2B00D3763C /* ZYLaunchAdController.swift */; };
		D330043820B546D300D3763C /* Constants.swift in Sources */ = {isa = PBXBuildFile; fileRef = D330043720B546D300D3763C /* Constants.swift */; };
/* End PBXBuildFile section */

/* Begin PBXContainerItemProxy section */
		D330041920B51ADE00D3763C /* PBXContainerItemProxy */ = {
			isa = PBXContainerItemProxy;
			containerPortal = D33003FC20B51ADD00D3763C /* Project object */;
			proxyType = 1;
			remoteGlobalIDString = D330040320B51ADE00D3763C;
			remoteInfo = ZYLaunchAdController;
		};
		D330042420B51ADE00D3763C /* PBXContainerItemProxy */ = {
			isa = PBXContainerItemProxy;
			containerPortal = D33003FC20B51ADD00D3763C /* Project object */;
			proxyType = 1;
			remoteGlobalIDString = D330040320B51ADE00D3763C;
			remoteInfo = ZYLaunchAdController;
		};
/* End PBXContainerItemProxy section */

/* Begin PBXFileReference section */
		D330040420B51ADE00D3763C /* ZYLaunchAdController.app */ = {isa = PBXFileReference; explicitFileType = wrapper.application; includeInIndex = 0; path = ZYLaunchAdController.app; sourceTree = BUILT_PRODUCTS_DIR; };
		D330040720B51ADE00D3763C /* AppDelegate.swift */ = {isa = PBXFileReference; lastKnownFileType = sourcecode.swift; path = AppDelegate.swift; sourceTree = "<group>"; };
		D330040920B51ADE00D3763C /* ViewController.swift */ = {isa = PBXFileReference; lastKnownFileType = sourcecode.swift; path = ViewController.swift; sourceTree = "<group>"; };
		D330040C20B51ADE00D3763C /* Base */ = {isa = PBXFileReference; lastKnownFileType = file.storyboard; name = Base; path = Base.lproj/Main.storyboard; sourceTree = "<group>"; };
		D330040E20B51ADE00D3763C /* Assets.xcassets */ = {isa = PBXFileReference; lastKnownFileType = folder.assetcatalog; path = Assets.xcassets; sourceTree = "<group>"; };
		D330041120B51ADE00D3763C /* Base */ = {isa = PBXFileReference; lastKnownFileType = file.storyboard; name = Base; path = Base.lproj/LaunchScreen.storyboard; sourceTree = "<group>"; };
		D330041320B51ADE00D3763C /* Info.plist */ = {isa = PBXFileReference; lastKnownFileType = text.plist.xml; path = Info.plist; sourceTree = "<group>"; };
		D330041820B51ADE00D3763C /* ZYLaunchAdControllerTests.xctest */ = {isa = PBXFileReference; explicitFileType = wrapper.cfbundle; includeInIndex = 0; path = ZYLaunchAdControllerTests.xctest; sourceTree = BUILT_PRODUCTS_DIR; };
		D330041C20B51ADE00D3763C /* ZYLaunchAdControllerTests.swift */ = {isa = PBXFileReference; lastKnownFileType = sourcecode.swift; path = ZYLaunchAdControllerTests.swift; sourceTree = "<group>"; };
		D330041E20B51ADE00D3763C /* Info.plist */ = {isa = PBXFileReference; lastKnownFileType = text.plist.xml; path = Info.plist; sourceTree = "<group>"; };
		D330042320B51ADE00D3763C /* ZYLaunchAdControllerUITests.xctest */ = {isa = PBXFileReference; explicitFileType = wrapper.cfbundle; includeInIndex = 0; path = ZYLaunchAdControllerUITests.xctest; sourceTree = BUILT_PRODUCTS_DIR; };
		D330042720B51ADE00D3763C /* ZYLaunchAdControllerUITests.swift */ = {isa = PBXFileReference; lastKnownFileType = sourcecode.swift; path = ZYLaunchAdControllerUITests.swift; sourceTree = "<group>"; };
		D330042920B51ADE00D3763C /* Info.plist */ = {isa = PBXFileReference; lastKnownFileType = text.plist.xml; path = Info.plist; sourceTree = "<group>"; };
		D330043520B51B2B00D3763C /* ZYLaunchAdController.swift */ = {isa = PBXFileReference; lastKnownFileType = sourcecode.swift; path = ZYLaunchAdController.swift; sourceTree = "<group>"; };
		D330043720B546D300D3763C /* Constants.swift */ = {isa = PBXFileReference; lastKnownFileType = sourcecode.swift; path = Constants.swift; sourceTree = "<group>"; };
/* End PBXFileReference section */

/* Begin PBXFrameworksBuildPhase section */
		D330040120B51ADE00D3763C /* Frameworks */ = {
			isa = PBXFrameworksBuildPhase;
			buildActionMask = 2147483647;
			files = (
			);
			runOnlyForDeploymentPostprocessing = 0;
		};
		D330041520B51ADE00D3763C /* Frameworks */ = {
			isa = PBXFrameworksBuildPhase;
			buildActionMask = 2147483647;
			files = (
			);
			runOnlyForDeploymentPostprocessing = 0;
		};
		D330042020B51ADE00D3763C /* Frameworks */ = {
			isa = PBXFrameworksBuildPhase;
			buildActionMask = 2147483647;
			files = (
			);
			runOnlyForDeploymentPostprocessing = 0;
		};
/* End PBXFrameworksBuildPhase section */

/* Begin PBXGroup section */
		D33003FB20B51ADD00D3763C = {
			isa = PBXGroup;
			children = (
				D330040620B51ADE00D3763C /* ZYLaunchAdController */,
				D330041B20B51ADE00D3763C /* ZYLaunchAdControllerTests */,
				D330042620B51ADE00D3763C /* ZYLaunchAdControllerUITests */,
				D330040520B51ADE00D3763C /* Products */,
			);
			sourceTree = "<group>";
		};
		D330040520B51ADE00D3763C /* Products */ = {
			isa = PBXGroup;
			children = (
				D330040420B51ADE00D3763C /* ZYLaunchAdController.app */,
				D330041820B51ADE00D3763C /* ZYLaunchAdControllerTests.xctest */,
				D330042320B51ADE00D3763C /* ZYLaunchAdControllerUITests.xctest */,
			);
			name = Products;
			sourceTree = "<group>";
		};
		D330040620B51ADE00D3763C /* ZYLaunchAdController */ = {
			isa = PBXGroup;
			children = (
				D330040720B51ADE00D3763C /* AppDelegate.swift */,
				D330040920B51ADE00D3763C /* ViewController.swift */,
				D330043520B51B2B00D3763C /* ZYLaunchAdController.swift */,
				D330043720B546D300D3763C /* Constants.swift */,
				D330040B20B51ADE00D3763C /* Main.storyboard */,
				D330040E20B51ADE00D3763C /* Assets.xcassets */,
				D330041020B51ADE00D3763C /* LaunchScreen.storyboard */,
				D330041320B51ADE00D3763C /* Info.plist */,
			);
			path = ZYLaunchAdController;
			sourceTree = "<group>";
		};
		D330041B20B51ADE00D3763C /* ZYLaunchAdControllerTests */ = {
			isa = PBXGroup;
			children = (
				D330041C20B51ADE00D3763C /* ZYLaunchAdControllerTests.swift */,
				D330041E20B51ADE00D3763C /* Info.plist */,
			);
			path = ZYLaunchAdControllerTests;
			sourceTree = "<group>";
		};
		D330042620B51ADE00D3763C /* ZYLaunchAdControllerUITests */ = {
			isa = PBXGroup;
			children = (
				D330042720B51ADE00D3763C /* ZYLaunchAdControllerUITests.swift */,
				D330042920B51ADE00D3763C /* Info.plist */,
			);
			path = ZYLaunchAdControllerUITests;
			sourceTree = "<group>";
		};
/* End PBXGroup section */

/* Begin PBXNativeTarget section */
		D330040320B51ADE00D3763C /* ZYLaunchAdController */ = {
			isa = PBXNativeTarget;
			buildConfigurationList = D330042C20B51ADE00D3763C /* Build configuration list for PBXNativeTarget "ZYLaunchAdController" */;
			buildPhases = (
				D330040020B51ADE00D3763C /* Sources */,
				D330040120B51ADE00D3763C /* Frameworks */,
				D330040220B51ADE00D3763C /* Resources */,
			);
			buildRules = (
			);
			dependencies = (
			);
			name = ZYLaunchAdController;
			productName = ZYLaunchAdController;
			productReference = D330040420B51ADE00D3763C /* ZYLaunchAdController.app */;
			productType = "com.apple.product-type.application";
		};
		D330041720B51ADE00D3763C /* ZYLaunchAdControllerTests */ = {
			isa = PBXNativeTarget;
			buildConfigurationList = D330042F20B51ADE00D3763C /* Build configuration list for PBXNativeTarget "ZYLaunchAdControllerTests" */;
			buildPhases = (
				D330041420B51ADE00D3763C /* Sources */,
				D330041520B51ADE00D3763C /* Frameworks */,
				D330041620B51ADE00D3763C /* Resources */,
			);
			buildRules = (
			);
			dependencies = (
				D330041A20B51ADE00D3763C /* PBXTargetDependency */,
			);
			name = ZYLaunchAdControllerTests;
			productName = ZYLaunchAdControllerTests;
			productReference = D330041820B51ADE00D3763C /* ZYLaunchAdControllerTests.xctest */;
			productType = "com.apple.product-type.bundle.unit-test";
		};
		D330042220B51ADE00D3763C /* ZYLaunchAdControllerUITests */ = {
			isa = PBXNativeTarget;
			buildConfigurationList = D330043220B51ADE00D3763C /* Build configuration list for PBXNativeTarget "ZYLaunchAdControllerUITests" */;
			buildPhases = (
				D330041F20B51ADE00D3763C /* Sources */,
				D330042020B51ADE00D3763C /* Frameworks */,
				D330042120B51ADE00D3763C /* Resources */,
			);
			buildRules = (
			);
			dependencies = (
				D330042520B51ADE00D3763C /* PBXTargetDependency */,
			);
			name = ZYLaunchAdControllerUITests;
			productName = ZYLaunchAdControllerUITests;
			productReference = D330042320B51ADE00D3763C /* ZYLaunchAdControllerUITests.xctest */;
			productType = "com.apple.product-type.bundle.ui-testing";
		};
/* End PBXNativeTarget section */

/* Begin PBXProject section */
		D33003FC20B51ADD00D3763C /* Project object */ = {
			isa = PBXProject;
			attributes = {
				CLASSPREFIX = ZY;
				LastSwiftUpdateCheck = 0920;
				LastUpgradeCheck = 0920;
				ORGANIZATIONNAME = palm;
				TargetAttributes = {
					D330040320B51ADE00D3763C = {
						CreatedOnToolsVersion = 9.2;
						ProvisioningStyle = Automatic;
					};
					D330041720B51ADE00D3763C = {
						CreatedOnToolsVersion = 9.2;
						ProvisioningStyle = Automatic;
						TestTargetID = D330040320B51ADE00D3763C;
					};
					D330042220B51ADE00D3763C = {
						CreatedOnToolsVersion = 9.2;
						ProvisioningStyle = Automatic;
						TestTargetID = D330040320B51ADE00D3763C;
					};
				};
			};
			buildConfigurationList = D33003FF20B51ADD00D3763C /* Build configuration list for PBXProject "ZYLaunchAdController" */;
			compatibilityVersion = "Xcode 8.0";
			developmentRegion = en;
			hasScannedForEncodings = 0;
			knownRegions = (
				en,
				Base,
			);
			mainGroup = D33003FB20B51ADD00D3763C;
			productRefGroup = D330040520B51ADE00D3763C /* Products */;
			projectDirPath = "";
			projectRoot = "";
			targets = (
				D330040320B51ADE00D3763C /* ZYLaunchAdController */,
				D330041720B51ADE00D3763C /* ZYLaunchAdControllerTests */,
				D330042220B51ADE00D3763C /* ZYLaunchAdControllerUITests */,
			);
		};
/* End PBXProject section */

/* Begin PBXResourcesBuildPhase section */
		D330040220B51ADE00D3763C /* Resources */ = {
			isa = PBXResourcesBuildPhase;
			buildActionMask = 2147483647;
			files = (
				D330041220B51ADE00D3763C /* LaunchScreen.storyboard in Resources */,
				D330040F20B51ADE00D3763C /* Assets.xcassets in Resources */,
				D330040D20B51ADE00D3763C /* Main.storyboard in Resources */,
			);
			runOnlyForDeploymentPostprocessing = 0;
		};
		D330041620B51ADE00D3763C /* Resources */ = {
			isa = PBXResourcesBuildPhase;
			buildActionMask = 2147483647;
			files = (
			);
			runOnlyForDeploymentPostprocessing = 0;
		};
		D330042120B51ADE00D3763C /* Resources */ = {
			isa = PBXResourcesBuildPhase;
			buildActionMask = 2147483647;
			files = (
			);
			runOnlyForDeploymentPostprocessing = 0;
		};
/* End PBXResourcesBuildPhase section */

/* Begin PBXSourcesBuildPhase section */
		D330040020B51ADE00D3763C /* Sources */ = {
			isa = PBXSourcesBuildPhase;
			buildActionMask = 2147483647;
			files = (
				D330043620B51B2B00D3763C /* ZYLaunchAdController.swift in Sources */,
				D330040A20B51ADE00D3763C /* ViewController.swift in Sources */,
				D330040820B51ADE00D3763C /* AppDelegate.swift in Sources */,
				D330043820B546D300D3763C /* Constants.swift in Sources */,
			);
			runOnlyForDeploymentPostprocessing = 0;
		};
		D330041420B51ADE00D3763C /* Sources */ = {
			isa = PBXSourcesBuildPhase;
			buildActionMask = 2147483647;
			files = (
				D330041D20B51ADE00D3763C /* ZYLaunchAdControllerTests.swift in Sources */,
			);
			runOnlyForDeploymentPostprocessing = 0;
		};
		D330041F20B51ADE00D3763C /* Sources */ = {
			isa = PBXSourcesBuildPhase;
			buildActionMask = 2147483647;
			files = (
				D330042820B51ADE00D3763C /* ZYLaunchAdControllerUITests.swift in Sources */,
			);
			runOnlyForDeploymentPostprocessing = 0;
		};
/* End PBXSourcesBuildPhase section */

/* Begin PBXTargetDependency section */
		D330041A20B51ADE00D3763C /* PBXTargetDependency */ = {
			isa = PBXTargetDependency;
			target = D330040320B51ADE00D3763C /* ZYLaunchAdController */;
			targetProxy = D330041920B51ADE00D3763C /* PBXContainerItemProxy */;
		};
		D330042520B51ADE00D3763C /* PBXTargetDependency */ = {
			isa = PBXTargetDependency;
			target = D330040320B51ADE00D3763C /* ZYLaunchAdController */;
			targetProxy = D330042420B51ADE00D3763C /* PBXContainerItemProxy */;
		};
/* End PBXTargetDependency section */

/* Begin PBXVariantGroup section */
		D330040B20B51ADE00D3763C /* Main.storyboard */ = {
			isa = PBXVariantGroup;
			children = (
				D330040C20B51ADE00D3763C /* Base */,
			);
			name = Main.storyboard;
			sourceTree = "<group>";
		};
		D330041020B51ADE00D3763C /* LaunchScreen.storyboard */ = {
			isa = PBXVariantGroup;
			children = (
				D330041120B51ADE00D3763C /* Base */,
			);
			name = LaunchScreen.storyboard;
			sourceTree = "<group>";
		};
/* End PBXVariantGroup section */

/* Begin XCBuildConfiguration section */
		D330042A20B51ADE00D3763C /* Debug */ = {
			isa = XCBuildConfiguration;
			buildSettings = {
				ALWAYS_SEARCH_USER_PATHS = NO;
				CLANG_ANALYZER_NONNULL = YES;
				CLANG_ANALYZER_NUMBER_OBJECT_CONVERSION = YES_AGGRESSIVE;
				CLANG_CXX_LANGUAGE_STANDARD = "gnu++14";
				CLANG_CXX_LIBRARY = "libc++";
				CLANG_ENABLE_MODULES = YES;
				CLANG_ENABLE_OBJC_ARC = YES;
				CLANG_WARN_BLOCK_CAPTURE_AUTORELEASING = YES;
				CLANG_WARN_BOOL_CONVERSION = YES;
				CLANG_WARN_COMMA = YES;
				CLANG_WARN_CONSTANT_CONVERSION = YES;
				CLANG_WARN_DIRECT_OBJC_ISA_USAGE = YES_ERROR;
				CLANG_WARN_DOCUMENTATION_COMMENTS = YES;
				CLANG_WARN_EMPTY_BODY = YES;
				CLANG_WARN_ENUM_CONVERSION = YES;
				CLANG_WARN_INFINITE_RECURSION = YES;
				CLANG_WARN_INT_CONVERSION = YES;
				CLANG_WARN_NON_LITERAL_NULL_CONVERSION = YES;
				CLANG_WARN_OBJC_LITERAL_CONVERSION = YES;
				CLANG_WARN_OBJC_ROOT_CLASS = YES_ERROR;
				CLANG_WARN_RANGE_LOOP_ANALYSIS = YES;
				CLANG_WARN_STRICT_PROTOTYPES = YES;
				CLANG_WARN_SUSPICIOUS_MOVE = YES;
				CLANG_WARN_UNGUARDED_AVAILABILITY = YES_AGGRESSIVE;
				CLANG_WARN_UNREACHABLE_CODE = YES;
				CLANG_WARN__DUPLICATE_METHOD_MATCH = YES;
				CODE_SIGN_IDENTITY = "iPhone Developer";
				COPY_PHASE_STRIP = NO;
				DEBUG_INFORMATION_FORMAT = dwarf;
				ENABLE_STRICT_OBJC_MSGSEND = YES;
				ENABLE_TESTABILITY = YES;
				GCC_C_LANGUAGE_STANDARD = gnu11;
				GCC_DYNAMIC_NO_PIC = NO;
				GCC_NO_COMMON_BLOCKS = YES;
				GCC_OPTIMIZATION_LEVEL = 0;
				GCC_PREPROCESSOR_DEFINITIONS = (
					"DEBUG=1",
					"$(inherited)",
				);
				GCC_WARN_64_TO_32_BIT_CONVERSION = YES;
				GCC_WARN_ABOUT_RETURN_TYPE = YES_ERROR;
				GCC_WARN_UNDECLARED_SELECTOR = YES;
				GCC_WARN_UNINITIALIZED_AUTOS = YES_AGGRESSIVE;
				GCC_WARN_UNUSED_FUNCTION = YES;
				GCC_WARN_UNUSED_VARIABLE = YES;
				IPHONEOS_DEPLOYMENT_TARGET = 11.2;
				MTL_ENABLE_DEBUG_INFO = YES;
				ONLY_ACTIVE_ARCH = YES;
				SDKROOT = iphoneos;
				SWIFT_ACTIVE_COMPILATION_CONDITIONS = DEBUG;
				SWIFT_OPTIMIZATION_LEVEL = "-Onone";
			};
			name = Debug;
		};
		D330042B20B51ADE00D3763C /* Release */ = {
			isa = XCBuildConfiguration;
			buildSettings = {
				ALWAYS_SEARCH_USER_PATHS = NO;
				CLANG_ANALYZER_NONNULL = YES;
				CLANG_ANALYZER_NUMBER_OBJECT_CONVERSION = YES_AGGRESSIVE;
				CLANG_CXX_LANGUAGE_STANDARD = "gnu++14";
				CLANG_CXX_LIBRARY = "libc++";
				CLANG_ENABLE_MODULES = YES;
				CLANG_ENABLE_OBJC_ARC = YES;
				CLANG_WARN_BLOCK_CAPTURE_AUTORELEASING = YES;
				CLANG_WARN_BOOL_CONVERSION = YES;
				CLANG_WARN_COMMA = YES;
				CLANG_WARN_CONSTANT_CONVERSION = YES;
				CLANG_WARN_DIRECT_OBJC_ISA_USAGE = YES_ERROR;
				CLANG_WARN_DOCUMENTATION_COMMENTS = YES;
				CLANG_WARN_EMPTY_BODY = YES;
				CLANG_WARN_ENUM_CONVERSION = YES;
				CLANG_WARN_INFINITE_RECURSION = YES;
				CLANG_WARN_INT_CONVERSION = YES;
				CLANG_WARN_NON_LITERAL_NULL_CONVERSION = YES;
				CLANG_WARN_OBJC_LITERAL_CONVERSION = YES;
				CLANG_WARN_OBJC_ROOT_CLASS = YES_ERROR;
				CLANG_WARN_RANGE_LOOP_ANALYSIS = YES;
				CLANG_WARN_STRICT_PROTOTYPES = YES;
				CLANG_WARN_SUSPICIOUS_MOVE = YES;
				CLANG_WARN_UNGUARDED_AVAILABILITY = YES_AGGRESSIVE;
				CLANG_WARN_UNREACHABLE_CODE = YES;
				CLANG_WARN__DUPLICATE_METHOD_MATCH = YES;
				CODE_SIGN_IDENTITY = "iPhone Developer";
				COPY_PHASE_STRIP = NO;
				DEBUG_INFORMATION_FORMAT = "dwarf-with-dsym";
				ENABLE_NS_ASSERTIONS = NO;
				ENABLE_STRICT_OBJC_MSGSEND = YES;
				GCC_C_LANGUAGE_STANDARD = gnu11;
				GCC_NO_COMMON_BLOCKS = YES;
				GCC_WARN_64_TO_32_BIT_CONVERSION = YES;
				GCC_WARN_ABOUT_RETURN_TYPE = YES_ERROR;
				GCC_WARN_UNDECLARED_SELECTOR = YES;
				GCC_WARN_UNINITIALIZED_AUTOS = YES_AGGRESSIVE;
				GCC_WARN_UNUSED_FUNCTION = YES;
				GCC_WARN_UNUSED_VARIABLE = YES;
				IPHONEOS_DEPLOYMENT_TARGET = 11.2;
				MTL_ENABLE_DEBUG_INFO = NO;
				SDKROOT = iphoneos;
				SWIFT_OPTIMIZATION_LEVEL = "-Owholemodule";
				VALIDATE_PRODUCT = YES;
			};
			name = Release;
		};
		D330042D20B51ADE00D3763C /* Debug */ = {
			isa = XCBuildConfiguration;
			buildSettings = {
				ASSETCATALOG_COMPILER_APPICON_NAME = AppIcon;
				CODE_SIGN_STYLE = Automatic;
				DEVELOPMENT_TEAM = 74YFY8W875;
				INFOPLIST_FILE = ZYLaunchAdController/Info.plist;
				LD_RUNPATH_SEARCH_PATHS = "$(inherited) @executable_path/Frameworks";
				PRODUCT_BUNDLE_IDENTIFIER = cn.epay.ZYLaunchAdController;
				PRODUCT_NAME = "$(TARGET_NAME)";
				SWIFT_VERSION = 4.0;
				TARGETED_DEVICE_FAMILY = "1,2";
			};
			name = Debug;
		};
		D330042E20B51ADE00D3763C /* Release */ = {
			isa = XCBuildConfiguration;
			buildSettings = {
				ASSETCATALOG_COMPILER_APPICON_NAME = AppIcon;
				CODE_SIGN_STYLE = Automatic;
				DEVELOPMENT_TEAM = 74YFY8W875;
				INFOPLIST_FILE = ZYLaunchAdController/Info.plist;
				LD_RUNPATH_SEARCH_PATHS = "$(inherited) @executable_path/Frameworks";
				PRODUCT_BUNDLE_IDENTIFIER = cn.epay.ZYLaunchAdController;
				PRODUCT_NAME = "$(TARGET_NAME)";
				SWIFT_VERSION = 4.0;
				TARGETED_DEVICE_FAMILY = "1,2";
			};
			name = Release;
		};
		D330043020B51ADE00D3763C /* Debug */ = {
			isa = XCBuildConfiguration;
			buildSettings = {
				ALWAYS_EMBED_SWIFT_STANDARD_LIBRARIES = YES;
				BUNDLE_LOADER = "$(TEST_HOST)";
				CODE_SIGN_STYLE = Automatic;
				INFOPLIST_FILE = ZYLaunchAdControllerTests/Info.plist;
				LD_RUNPATH_SEARCH_PATHS = "$(inherited) @executable_path/Frameworks @loader_path/Frameworks";
				PRODUCT_BUNDLE_IDENTIFIER = cn.epay.ZYLaunchAdControllerTests;
				PRODUCT_NAME = "$(TARGET_NAME)";
				SWIFT_VERSION = 4.0;
				TARGETED_DEVICE_FAMILY = "1,2";
				TEST_HOST = "$(BUILT_PRODUCTS_DIR)/ZYLaunchAdController.app/ZYLaunchAdController";
			};
			name = Debug;
		};
		D330043120B51ADE00D3763C /* Release */ = {
			isa = XCBuildConfiguration;
			buildSettings = {
				ALWAYS_EMBED_SWIFT_STANDARD_LIBRARIES = YES;
				BUNDLE_LOADER = "$(TEST_HOST)";
				CODE_SIGN_STYLE = Automatic;
				INFOPLIST_FILE = ZYLaunchAdControllerTests/Info.plist;
				LD_RUNPATH_SEARCH_PATHS = "$(inherited) @executable_path/Frameworks @loader_path/Frameworks";
				PRODUCT_BUNDLE_IDENTIFIER = cn.epay.ZYLaunchAdControllerTests;
				PRODUCT_NAME = "$(TARGET_NAME)";
				SWIFT_VERSION = 4.0;
				TARGETED_DEVICE_FAMILY = "1,2";
				TEST_HOST = "$(BUILT_PRODUCTS_DIR)/ZYLaunchAdController.app/ZYLaunchAdController";
			};
			name = Release;
		};
		D330043320B51ADE00D3763C /* Debug */ = {
			isa = XCBuildConfiguration;
			buildSettings = {
				ALWAYS_EMBED_SWIFT_STANDARD_LIBRARIES = YES;
				CODE_SIGN_STYLE = Automatic;
				INFOPLIST_FILE = ZYLaunchAdControllerUITests/Info.plist;
				LD_RUNPATH_SEARCH_PATHS = "$(inherited) @executable_path/Frameworks @loader_path/Frameworks";
				PRODUCT_BUNDLE_IDENTIFIER = cn.epay.ZYLaunchAdControllerUITests;
				PRODUCT_NAME = "$(TARGET_NAME)";
				SWIFT_VERSION = 4.0;
				TARGETED_DEVICE_FAMILY = "1,2";
				TEST_TARGET_NAME = ZYLaunchAdController;
			};
			name = Debug;
		};
		D330043420B51ADE00D3763C /* Release */ = {
			isa = XCBuildConfiguration;
			buildSettings = {
				ALWAYS_EMBED_SWIFT_STANDARD_LIBRARIES = YES;
				CODE_SIGN_STYLE = Automatic;
				INFOPLIST_FILE = ZYLaunchAdControllerUITests/Info.plist;
				LD_RUNPATH_SEARCH_PATHS = "$(inherited) @executable_path/Frameworks @loader_path/Frameworks";
				PRODUCT_BUNDLE_IDENTIFIER = cn.epay.ZYLaunchAdControllerUITests;
				PRODUCT_NAME = "$(TARGET_NAME)";
				SWIFT_VERSION = 4.0;
				TARGETED_DEVICE_FAMILY = "1,2";
				TEST_TARGET_NAME = ZYLaunchAdController;
			};
			name = Release;
		};
/* End XCBuildConfiguration section */

/* Begin XCConfigurationList section */
		D33003FF20B51ADD00D3763C /* Build configuration list for PBXProject "ZYLaunchAdController" */ = {
			isa = XCConfigurationList;
			buildConfigurations = (
				D330042A20B51ADE00D3763C /* Debug */,
				D330042B20B51ADE00D3763C /* Release */,
			);
			defaultConfigurationIsVisible = 0;
			defaultConfigurationName = Release;
		};
		D330042C20B51ADE00D3763C /* Build configuration list for PBXNativeTarget "ZYLaunchAdController" */ = {
			isa = XCConfigurationList;
			buildConfigurations = (
				D330042D20B51ADE00D3763C /* Debug */,
				D330042E20B51ADE00D3763C /* Release */,
			);
			defaultConfigurationIsVisible = 0;
			defaultConfigurationName = Release;
		};
		D330042F20B51ADE00D3763C /* Build configuration list for PBXNativeTarget "ZYLaunchAdControllerTests" */ = {
			isa = XCConfigurationList;
			buildConfigurations = (
				D330043020B51ADE00D3763C /* Debug */,
				D330043120B51ADE00D3763C /* Release */,
			);
			defaultConfigurationIsVisible = 0;
			defaultConfigurationName = Release;
		};
		D330043220B51ADE00D3763C /* Build configuration list for PBXNativeTarget "ZYLaunchAdControllerUITests" */ = {
			isa = XCConfigurationList;
			buildConfigurations = (
				D330043320B51ADE00D3763C /* Debug */,
				D330043420B51ADE00D3763C /* Release */,
			);
			defaultConfigurationIsVisible = 0;
			defaultConfigurationName = Release;
		};
/* End XCConfigurationList section */
	};
	rootObject = D33003FC20B51ADD00D3763C /* Project object */;
}
